
Microsoft Visual Studio Solution File, Format Version 12.00
# Visual Studio Version 16
VisualStudioVersion = 16.0.29708.233
MinimumVisualStudioVersion = 10.0.40219.1
Project("{9A19103F-16F7-4668-BE54-9A1E7A4F7556}") = "SlowSqlDataReaderDemo", "SlowSqlDataReaderDemo.csproj", "{121675BF-0F4A-41A6-8B66-C931E0BC7E35}"
EndProject
Global
	GlobalSection(SolutionConfigurationPlatforms) = preSolution
		Debug|Any CPU = Debug|Any CPU
		Release|Any CPU = Release|Any CPU
	EndGlobalSection
	GlobalSection(ProjectConfigurationPlatforms) = postSolution
		{121675BF-0F4A-41A6-8B66-C931E0BC7E35}.Debug|Any CPU.ActiveCfg = Debug|Any CPU
		{121675BF-0F4A-41A6-8B66-C931E0BC7E35}.Debug|Any CPU.Build.0 = Debug|Any CPU
		{121675BF-0F4A-41A6-8B66-C931E0BC7E35}.Release|Any CPU.ActiveCfg = Release|Any CPU
		{121675BF-0F4A-41A6-8B66-C931E0BC7E35}.Release|Any CPU.Build.0 = Release|Any CPU
	EndGlobalSection
	GlobalSection(SolutionProperties) = preSolution
		HideSolutionNode = FALSE
	EndGlobalSection
	GlobalSection(ExtensibilityGlobals) = postSolution
		SolutionGuid = {0243AB2A-6CBE-4BBF-A9CB-F782BB03E418}
	EndGlobalSection
EndGlobal
